
Microsoft Visual Studio Solution File, Format Version 12.00
# Visual Studio Version 16
VisualStudioVersion = 16.0.31829.152
MinimumVisualStudioVersion = 10.0.40219.1
Project("{FAE04EC0-301F-11D3-BF4B-00C04F79EFBC}") = "CustomerPortal", "CustomerPortal\CustomerPortal.csproj", "{32F5B53B-2903-4F44-9336-0C5EA9C6B683}"
EndProject
Global
	GlobalSection(SolutionConfigurationPlatforms) = preSolution
		Debug|Any CPU = Debug|Any CPU
		Release|Any CPU = Release|Any CPU
	EndGlobalSection
	GlobalSection(ProjectConfigurationPlatforms) = postSolution
		{32F5B53B-2903-4F44-9336-0C5EA9C6B683}.Debug|Any CPU.ActiveCfg = Debug|Any CPU
		{32F5B53B-2903-4F44-9336-0C5EA9C6B683}.Debug|Any CPU.Build.0 = Debug|Any CPU
		{32F5B53B-2903-4F44-9336-0C5EA9C6B683}.Release|Any CPU.ActiveCfg = Release|Any CPU
		{32F5B53B-2903-4F44-9336-0C5EA9C6B683}.Release|Any CPU.Build.0 = Release|Any CPU
	EndGlobalSection
	GlobalSection(SolutionProperties) = preSolution
		HideSolutionNode = FALSE
	EndGlobalSection
	GlobalSection(ExtensibilityGlobals) = postSolution
		SolutionGuid = {74CAA12A-4A89-495A-A53E-4CF99694F7AA}
	EndGlobalSection
EndGlobal
